
Microsoft Visual Studio Solution File, Format Version 12.00
# Visual Studio 14
VisualStudioVersion = 14.0.25420.1
MinimumVisualStudioVersion = 10.0.40219.1
Project("{FAE04EC0-301F-11D3-BF4B-00C04F79EFBC}") = "TestGithub", "TestGithub\TestGithub.csproj", "{A00039C7-1AD7-4277-B795-F9927A85301F}"
EndProject
Global
	GlobalSection(SolutionConfigurationPlatforms) = preSolution
		Debug|Any CPU = Debug|Any CPU
		Release|Any CPU = Release|Any CPU
	EndGlobalSection
	GlobalSection(ProjectConfigurationPlatforms) = postSolution
		{A00039C7-1AD7-4277-B795-F9927A85301F}.Debug|Any CPU.ActiveCfg = Debug|Any CPU
		{A00039C7-1AD7-4277-B795-F9927A85301F}.Debug|Any CPU.Build.0 = Debug|Any CPU
		{A00039C7-1AD7-4277-B795-F9927A85301F}.Release|Any CPU.ActiveCfg = Release|Any CPU
		{A00039C7-1AD7-4277-B795-F9927A85301F}.Release|Any CPU.Build.0 = Release|Any CPU
	EndGlobalSection
	GlobalSection(SolutionProperties) = preSolution
		HideSolutionNode = FALSE
	EndGlobalSection
EndGlobal
